
Microsoft Visual Studio Solution File, Format Version 12.00
# Visual Studio Version 17
VisualStudioVersion = 17.0.31611.283
MinimumVisualStudioVersion = 10.0.40219.1
Project("{9A19103F-16F7-4668-BE54-9A1E7A4F7556}") = "JolliTradersHope", "JolliTradersHope\JolliTradersHope.csproj", "{B545E7DE-7C17-4EED-A70D-16782CFF4424}"
EndProject
Project("{FAE04EC0-301F-11D3-BF4B-00C04F79EFBC}") = "JolliTradersHope.Api", "JolliTradersHope.Api\JolliTradersHope.Api.csproj", "{6E046CDF-58B2-4BB4-AA16-433595C77C6D}"
EndProject
Project("{FAE04EC0-301F-11D3-BF4B-00C04F79EFBC}") = "JolliTradersHope.Shared", "JolliTradersHope.Shared\JolliTradersHope.Shared.csproj", "{892CD98D-0499-4B8D-98E1-3154F14820E5}"
EndProject
Global
	GlobalSection(SolutionConfigurationPlatforms) = preSolution
		Debug|Any CPU = Debug|Any CPU
		Release|Any CPU = Release|Any CPU
	EndGlobalSection
	GlobalSection(ProjectConfigurationPlatforms) = postSolution
		{B545E7DE-7C17-4EED-A70D-16782CFF4424}.Debug|Any CPU.ActiveCfg = Debug|Any CPU
		{B545E7DE-7C17-4EED-A70D-16782CFF4424}.Debug|Any CPU.Build.0 = Debug|Any CPU
		{B545E7DE-7C17-4EED-A70D-16782CFF4424}.Debug|Any CPU.Deploy.0 = Debug|Any CPU
		{B545E7DE-7C17-4EED-A70D-16782CFF4424}.Release|Any CPU.ActiveCfg = Release|Any CPU
		{B545E7DE-7C17-4EED-A70D-16782CFF4424}.Release|Any CPU.Build.0 = Release|Any CPU
		{B545E7DE-7C17-4EED-A70D-16782CFF4424}.Release|Any CPU.Deploy.0 = Release|Any CPU
		{6E046CDF-58B2-4BB4-AA16-433595C77C6D}.Debug|Any CPU.ActiveCfg = Debug|Any CPU
		{6E046CDF-58B2-4BB4-AA16-433595C77C6D}.Debug|Any CPU.Build.0 = Debug|Any CPU
		{6E046CDF-58B2-4BB4-AA16-433595C77C6D}.Release|Any CPU.ActiveCfg = Release|Any CPU
		{6E046CDF-58B2-4BB4-AA16-433595C77C6D}.Release|Any CPU.Build.0 = Release|Any CPU
		{892CD98D-0499-4B8D-98E1-3154F14820E5}.Debug|Any CPU.ActiveCfg = Debug|Any CPU
		{892CD98D-0499-4B8D-98E1-3154F14820E5}.Debug|Any CPU.Build.0 = Debug|Any CPU
		{892CD98D-0499-4B8D-98E1-3154F14820E5}.Release|Any CPU.ActiveCfg = Release|Any CPU
		{892CD98D-0499-4B8D-98E1-3154F14820E5}.Release|Any CPU.Build.0 = Release|Any CPU
	EndGlobalSection
	GlobalSection(SolutionProperties) = preSolution
		HideSolutionNode = FALSE
	EndGlobalSection
	GlobalSection(ExtensibilityGlobals) = postSolution
		SolutionGuid = {61F7FB11-1E47-470C-91E2-47F8143E1572}
	EndGlobalSection
EndGlobal
